
Microsoft Visual Studio Solution File, Format Version 12.00
# Visual Studio Version 17
VisualStudioVersion = 17.0.31903.59
MinimumVisualStudioVersion = 10.0.40219.1
Project("{FAE04EC0-301F-11D3-BF4B-00C04F79EFBC}") = "Domain", "Domain\Domain.csproj", "{975F0FC3-3570-424A-B30A-F80302800158}"
EndProject
Project("{FAE04EC0-301F-11D3-BF4B-00C04F79EFBC}") = "Persistence", "Persistence\Persistence.csproj", "{0F940463-7277-43A5-BB45-9305F922FADE}"
EndProject
Project("{FAE04EC0-301F-11D3-BF4B-00C04F79EFBC}") = "API", "API\API.csproj", "{034921A4-3C6A-4859-8EF1-D0645E64E160}"
EndProject
Global
	GlobalSection(SolutionConfigurationPlatforms) = preSolution
		Debug|Any CPU = Debug|Any CPU
		Release|Any CPU = Release|Any CPU
	EndGlobalSection
	GlobalSection(SolutionProperties) = preSolution
		HideSolutionNode = FALSE
	EndGlobalSection
	GlobalSection(ProjectConfigurationPlatforms) = postSolution
		{975F0FC3-3570-424A-B30A-F80302800158}.Debug|Any CPU.ActiveCfg = Debug|Any CPU
		{975F0FC3-3570-424A-B30A-F80302800158}.Debug|Any CPU.Build.0 = Debug|Any CPU
		{975F0FC3-3570-424A-B30A-F80302800158}.Release|Any CPU.ActiveCfg = Release|Any CPU
		{975F0FC3-3570-424A-B30A-F80302800158}.Release|Any CPU.Build.0 = Release|Any CPU
		{0F940463-7277-43A5-BB45-9305F922FADE}.Debug|Any CPU.ActiveCfg = Debug|Any CPU
		{0F940463-7277-43A5-BB45-9305F922FADE}.Debug|Any CPU.Build.0 = Debug|Any CPU
		{0F940463-7277-43A5-BB45-9305F922FADE}.Release|Any CPU.ActiveCfg = Release|Any CPU
		{0F940463-7277-43A5-BB45-9305F922FADE}.Release|Any CPU.Build.0 = Release|Any CPU
		{034921A4-3C6A-4859-8EF1-D0645E64E160}.Debug|Any CPU.ActiveCfg = Debug|Any CPU
		{034921A4-3C6A-4859-8EF1-D0645E64E160}.Debug|Any CPU.Build.0 = Debug|Any CPU
		{034921A4-3C6A-4859-8EF1-D0645E64E160}.Release|Any CPU.ActiveCfg = Release|Any CPU
		{034921A4-3C6A-4859-8EF1-D0645E64E160}.Release|Any CPU.Build.0 = Release|Any CPU
	EndGlobalSection
EndGlobal
